
Microsoft Visual Studio Solution File, Format Version 12.00
# Visual Studio Version 16
VisualStudioVersion = 16.0.31729.503
MinimumVisualStudioVersion = 10.0.40219.1
Project("{FAE04EC0-301F-11D3-BF4B-00C04F79EFBC}") = "Odev2", "Odev2\Odev2.csproj", "{D12A1E6E-AE7E-4A45-B8C0-45F55B6FD882}"
EndProject
Global
	GlobalSection(SolutionConfigurationPlatforms) = preSolution
		Debug|Any CPU = Debug|Any CPU
		Release|Any CPU = Release|Any CPU
	EndGlobalSection
	GlobalSection(ProjectConfigurationPlatforms) = postSolution
		{D12A1E6E-AE7E-4A45-B8C0-45F55B6FD882}.Debug|Any CPU.ActiveCfg = Debug|Any CPU
		{D12A1E6E-AE7E-4A45-B8C0-45F55B6FD882}.Debug|Any CPU.Build.0 = Debug|Any CPU
		{D12A1E6E-AE7E-4A45-B8C0-45F55B6FD882}.Release|Any CPU.ActiveCfg = Release|Any CPU
		{D12A1E6E-AE7E-4A45-B8C0-45F55B6FD882}.Release|Any CPU.Build.0 = Release|Any CPU
	EndGlobalSection
	GlobalSection(SolutionProperties) = preSolution
		HideSolutionNode = FALSE
	EndGlobalSection
	GlobalSection(ExtensibilityGlobals) = postSolution
		SolutionGuid = {E9EE7923-40E3-4FC7-8E7E-5DB00A718841}
	EndGlobalSection
EndGlobal
